{
  "version": 4,
  "terraform_version": "1.14.2",
  "serial": 13,
  "lineage": "7779fa24-42ab-aa19-af73-af7791428f41",
  "outputs": {
    "backend_ecr_url": {
      "value": null,
      "type": "string"
    },
    "ec2_public_ip": {
      "value": null,
      "type": "string"
    },
    "frontend_ecr_url": {
      "value": null,
      "type": "string"
    }
  },
  "resources": [
    {
      "module": "module.ec2",
      "mode": "data",
      "type": "aws_subnets",
      "name": "default",
      "provider": "provider[\"registry.terraform.io/hashicorp/aws\"]",
      "instances": [
        {
          "schema_version": 0,
          "attributes": {
            "filter": [
              {
                "name": "vpc-id",
                "values": [
                  "vpc-0c208e3b0d49cca3e"
                ]
              }
            ],
            "id": "ap-south-1",
            "ids": [
              "subnet-0e8bbcb2d87147bac",
              "subnet-06eb0c916aaad8189",
              "subnet-0bd0e62e0e82e0fbe"
            ],
            "tags": null,
            "timeouts": null
          },
          "sensitive_attributes": [],
          "identity_schema_version": 0
        }
      ]
    },
    {
      "module": "module.ec2",
      "mode": "data",
      "type": "aws_vpc",
      "name": "default",
      "provider": "provider[\"registry.terraform.io/hashicorp/aws\"]",
      "instances": [
        {
          "schema_version": 0,
          "attributes": {
            "arn": "arn:aws:ec2:ap-south-1:323001028681:vpc/vpc-0c208e3b0d49cca3e",
            "cidr_block": "172.31.0.0/16",
            "cidr_block_associations": [
              {
                "association_id": "vpc-cidr-assoc-04203567ced4cdb1f",
                "cidr_block": "172.31.0.0/16",
                "state": "associated"
              }
            ],
            "default": true,
            "dhcp_options_id": "dopt-001a417d38e55bd48",
            "enable_dns_hostnames": true,
            "enable_dns_support": true,
            "enable_network_address_usage_metrics": false,
            "filter": null,
            "id": "vpc-0c208e3b0d49cca3e",
            "instance_tenancy": "default",
            "ipv6_association_id": "",
            "ipv6_cidr_block": "",
            "main_route_table_id": "rtb-011d92c662f2f5c06",
            "owner_id": "323001028681",
            "state": null,
            "tags": {},
            "timeouts": null
          },
          "sensitive_attributes": [],
          "identity_schema_version": 0
        }
      ]
    },
    {
      "module": "module.ec2",
      "mode": "managed",
      "type": "aws_security_group",
      "name": "app_sg",
      "provider": "provider[\"registry.terraform.io/hashicorp/aws\"]",
      "instances": [
        {
          "schema_version": 1,
          "attributes": {
            "arn": "arn:aws:ec2:ap-south-1:323001028681:security-group/sg-05d5ed2c07853c4c9",
            "description": "Managed by Terraform",
            "egress": [
              {
                "cidr_blocks": [
                  "0.0.0.0/0"
                ],
                "description": "",
                "from_port": 0,
                "ipv6_cidr_blocks": [],
                "prefix_list_ids": [],
                "protocol": "-1",
                "security_groups": [],
                "self": false,
                "to_port": 0
              }
            ],
            "id": "sg-05d5ed2c07853c4c9",
            "ingress": [
              {
                "cidr_blocks": [
                  "0.0.0.0/0"
                ],
                "description": "",
                "from_port": 22,
                "ipv6_cidr_blocks": [],
                "prefix_list_ids": [],
                "protocol": "tcp",
                "security_groups": [],
                "self": false,
                "to_port": 22
              },
              {
                "cidr_blocks": [
                  "0.0.0.0/0"
                ],
                "description": "",
                "from_port": 8080,
                "ipv6_cidr_blocks": [],
                "prefix_list_ids": [],
                "protocol": "tcp",
                "security_groups": [],
                "self": false,
                "to_port": 8080
              },
              {
                "cidr_blocks": [
                  "0.0.0.0/0"
                ],
                "description": "",
                "from_port": 80,
                "ipv6_cidr_blocks": [],
                "prefix_list_ids": [],
                "protocol": "tcp",
                "security_groups": [],
                "self": false,
                "to_port": 80
              }
            ],
            "name": "ecommerce-sg",
            "name_prefix": "",
            "owner_id": "323001028681",
            "revoke_rules_on_delete": null,
            "tags": {},
            "tags_all": {},
            "timeouts": null,
            "vpc_id": "vpc-0c208e3b0d49cca3e"
          },
          "sensitive_attributes": [],
          "identity_schema_version": 0,
          "private": "eyJlMmJmYjczMC1lY2FhLTExZTYtOGY4OC0zNDM2M2JjN2M0YzAiOnsiY3JlYXRlIjo2MDAwMDAwMDAwMDAsImRlbGV0ZSI6OTAwMDAwMDAwMDAwfSwic2NoZW1hX3ZlcnNpb24iOiIxIn0="
        }
      ]
    }
  ],
  "check_results": null
}
